
Microsoft Visual Studio Solution File, Format Version 12.00
# Visual Studio 2012
Project("{FAE04EC0-301F-11D3-BF4B-00C04F79EFBC}") = "Rtfx", "Rtfx\Rtfx.csproj", "{899275AF-C805-4EA8-8C99-32BC958065D2}"
EndProject
Project("{FAE04EC0-301F-11D3-BF4B-00C04F79EFBC}") = "Rtfx.Test", "Rtfx.Test\Rtfx.Test.csproj", "{4946BF1E-985E-4371-AEFD-A4CC52D384C6}"
EndProject
Global
	GlobalSection(SolutionConfigurationPlatforms) = preSolution
		Debug|Any CPU = Debug|Any CPU
		Release|Any CPU = Release|Any CPU
	EndGlobalSection
	GlobalSection(ProjectConfigurationPlatforms) = postSolution
		{899275AF-C805-4EA8-8C99-32BC958065D2}.Debug|Any CPU.ActiveCfg = Debug|Any CPU
		{899275AF-C805-4EA8-8C99-32BC958065D2}.Debug|Any CPU.Build.0 = Debug|Any CPU
		{899275AF-C805-4EA8-8C99-32BC958065D2}.Release|Any CPU.ActiveCfg = Release|Any CPU
		{899275AF-C805-4EA8-8C99-32BC958065D2}.Release|Any CPU.Build.0 = Release|Any CPU
		{4946BF1E-985E-4371-AEFD-A4CC52D384C6}.Debug|Any CPU.ActiveCfg = Debug|Any CPU
		{4946BF1E-985E-4371-AEFD-A4CC52D384C6}.Debug|Any CPU.Build.0 = Debug|Any CPU
		{4946BF1E-985E-4371-AEFD-A4CC52D384C6}.Release|Any CPU.ActiveCfg = Release|Any CPU
		{4946BF1E-985E-4371-AEFD-A4CC52D384C6}.Release|Any CPU.Build.0 = Release|Any CPU
	EndGlobalSection
	GlobalSection(SolutionProperties) = preSolution
		HideSolutionNode = FALSE
	EndGlobalSection
EndGlobal
